
Microsoft Visual Studio Solution File, Format Version 12.00
# Visual Studio Version 16
VisualStudioVersion = 16.0.30611.23
MinimumVisualStudioVersion = 10.0.40219.1
Project("{FAE04EC0-301F-11D3-BF4B-00C04F79EFBC}") = "nettcp-comms", "nettcp-comms.csproj", "{D419EA42-BA97-4804-95D1-661D9603AE3B}"
EndProject
Global
	GlobalSection(SolutionConfigurationPlatforms) = preSolution
		Debug|Any CPU = Debug|Any CPU
		Release|Any CPU = Release|Any CPU
	EndGlobalSection
	GlobalSection(ProjectConfigurationPlatforms) = postSolution
		{D419EA42-BA97-4804-95D1-661D9603AE3B}.Debug|Any CPU.ActiveCfg = Debug|Any CPU
		{D419EA42-BA97-4804-95D1-661D9603AE3B}.Debug|Any CPU.Build.0 = Debug|Any CPU
		{D419EA42-BA97-4804-95D1-661D9603AE3B}.Release|Any CPU.ActiveCfg = Release|Any CPU
		{D419EA42-BA97-4804-95D1-661D9603AE3B}.Release|Any CPU.Build.0 = Release|Any CPU
	EndGlobalSection
	GlobalSection(SolutionProperties) = preSolution
		HideSolutionNode = FALSE
	EndGlobalSection
	GlobalSection(ExtensibilityGlobals) = postSolution
		SolutionGuid = {0A00C568-D603-4BCB-9312-9A8979E97820}
	EndGlobalSection
EndGlobal
